
Microsoft Visual Studio Solution File, Format Version 12.00
# Visual Studio 2013
VisualStudioVersion = 12.0.31101.0
MinimumVisualStudioVersion = 10.0.40219.1
Project("{8BC9CEB8-8B4A-11D0-8D11-00A0C91BC942}") = "LUDecomp", "LUDecomp\LUDecomp.vcxproj", "{2DFD9F9E-DA09-4947-879B-585690ADDA45}"
EndProject
Project("{8BC9CEB8-8B4A-11D0-8D11-00A0C91BC942}") = "Problem2_1", "Problem2_1\Problem2_1.vcxproj", "{D788DC38-F1DC-4F39-99C5-49898D9C1C64}"
EndProject
Project("{8BC9CEB8-8B4A-11D0-8D11-00A0C91BC942}") = "Problem2_2", "Problem2_2\Problem2_2.vcxproj", "{633B7ED1-36E0-4A4E-9D4E-91BE831335EE}"
EndProject
Project("{8BC9CEB8-8B4A-11D0-8D11-00A0C91BC942}") = "Problem3", "Problem3\Problem3.vcxproj", "{6F2361DA-FD06-42F4-8C3C-DFA831DAB790}"
EndProject
Project("{8BC9CEB8-8B4A-11D0-8D11-00A0C91BC942}") = "Problem4", "Problem4\Problem4.vcxproj", "{5CFF36E6-8D13-40A1-9596-094051EA8950}"
EndProject
Global
	GlobalSection(SolutionConfigurationPlatforms) = preSolution
		Debug|Win32 = Debug|Win32
		Release|Win32 = Release|Win32
	EndGlobalSection
	GlobalSection(ProjectConfigurationPlatforms) = postSolution
		{2DFD9F9E-DA09-4947-879B-585690ADDA45}.Debug|Win32.ActiveCfg = Debug|Win32
		{2DFD9F9E-DA09-4947-879B-585690ADDA45}.Debug|Win32.Build.0 = Debug|Win32
		{2DFD9F9E-DA09-4947-879B-585690ADDA45}.Release|Win32.ActiveCfg = Release|Win32
		{2DFD9F9E-DA09-4947-879B-585690ADDA45}.Release|Win32.Build.0 = Release|Win32
		{D788DC38-F1DC-4F39-99C5-49898D9C1C64}.Debug|Win32.ActiveCfg = Debug|Win32
		{D788DC38-F1DC-4F39-99C5-49898D9C1C64}.Debug|Win32.Build.0 = Debug|Win32
		{D788DC38-F1DC-4F39-99C5-49898D9C1C64}.Release|Win32.ActiveCfg = Release|Win32
		{D788DC38-F1DC-4F39-99C5-49898D9C1C64}.Release|Win32.Build.0 = Release|Win32
		{633B7ED1-36E0-4A4E-9D4E-91BE831335EE}.Debug|Win32.ActiveCfg = Debug|Win32
		{633B7ED1-36E0-4A4E-9D4E-91BE831335EE}.Debug|Win32.Build.0 = Debug|Win32
		{633B7ED1-36E0-4A4E-9D4E-91BE831335EE}.Release|Win32.ActiveCfg = Release|Win32
		{633B7ED1-36E0-4A4E-9D4E-91BE831335EE}.Release|Win32.Build.0 = Release|Win32
		{6F2361DA-FD06-42F4-8C3C-DFA831DAB790}.Debug|Win32.ActiveCfg = Debug|Win32
		{6F2361DA-FD06-42F4-8C3C-DFA831DAB790}.Debug|Win32.Build.0 = Debug|Win32
		{6F2361DA-FD06-42F4-8C3C-DFA831DAB790}.Release|Win32.ActiveCfg = Release|Win32
		{6F2361DA-FD06-42F4-8C3C-DFA831DAB790}.Release|Win32.Build.0 = Release|Win32
		{5CFF36E6-8D13-40A1-9596-094051EA8950}.Debug|Win32.ActiveCfg = Debug|Win32
		{5CFF36E6-8D13-40A1-9596-094051EA8950}.Debug|Win32.Build.0 = Debug|Win32
		{5CFF36E6-8D13-40A1-9596-094051EA8950}.Release|Win32.ActiveCfg = Release|Win32
		{5CFF36E6-8D13-40A1-9596-094051EA8950}.Release|Win32.Build.0 = Release|Win32
	EndGlobalSection
	GlobalSection(SolutionProperties) = preSolution
		HideSolutionNode = FALSE
	EndGlobalSection
EndGlobal
